
Microsoft Visual Studio Solution File, Format Version 12.00
# Visual Studio Version 16
VisualStudioVersion = 16.0.30204.135
MinimumVisualStudioVersion = 10.0.40219.1
Project("{FAE04EC0-301F-11D3-BF4B-00C04F79EFBC}") = "Programming Course", "Programming Course\Programming Course.csproj", "{8DF79D82-7E15-41C4-A817-6671F0B81727}"
EndProject
Global
	GlobalSection(SolutionConfigurationPlatforms) = preSolution
		Debug|Any CPU = Debug|Any CPU
		Release|Any CPU = Release|Any CPU
	EndGlobalSection
	GlobalSection(ProjectConfigurationPlatforms) = postSolution
		{8DF79D82-7E15-41C4-A817-6671F0B81727}.Debug|Any CPU.ActiveCfg = Debug|Any CPU
		{8DF79D82-7E15-41C4-A817-6671F0B81727}.Debug|Any CPU.Build.0 = Debug|Any CPU
		{8DF79D82-7E15-41C4-A817-6671F0B81727}.Release|Any CPU.ActiveCfg = Release|Any CPU
		{8DF79D82-7E15-41C4-A817-6671F0B81727}.Release|Any CPU.Build.0 = Release|Any CPU
	EndGlobalSection
	GlobalSection(SolutionProperties) = preSolution
		HideSolutionNode = FALSE
	EndGlobalSection
	GlobalSection(ExtensibilityGlobals) = postSolution
		SolutionGuid = {A66C8CC7-6304-4692-929E-F2E5A1C2D71A}
	EndGlobalSection
EndGlobal
